
Microsoft Visual Studio Solution File, Format Version 12.00
# Visual Studio 15
VisualStudioVersion = 15.0.26430.6
MinimumVisualStudioVersion = 10.0.40219.1
Project("{FAE04EC0-301F-11D3-BF4B-00C04F79EFBC}") = "LV20171006", "LV20171006\LV20171006.csproj", "{DB9CAAAD-BD95-4217-8AF7-FC0BC569A3FC}"
EndProject
Global
	GlobalSection(SolutionConfigurationPlatforms) = preSolution
		Debug|Any CPU = Debug|Any CPU
		Release|Any CPU = Release|Any CPU
	EndGlobalSection
	GlobalSection(ProjectConfigurationPlatforms) = postSolution
		{DB9CAAAD-BD95-4217-8AF7-FC0BC569A3FC}.Debug|Any CPU.ActiveCfg = Debug|Any CPU
		{DB9CAAAD-BD95-4217-8AF7-FC0BC569A3FC}.Debug|Any CPU.Build.0 = Debug|Any CPU
		{DB9CAAAD-BD95-4217-8AF7-FC0BC569A3FC}.Release|Any CPU.ActiveCfg = Release|Any CPU
		{DB9CAAAD-BD95-4217-8AF7-FC0BC569A3FC}.Release|Any CPU.Build.0 = Release|Any CPU
	EndGlobalSection
	GlobalSection(SolutionProperties) = preSolution
		HideSolutionNode = FALSE
	EndGlobalSection
EndGlobal
